
Microsoft Visual Studio Solution File, Format Version 12.00
# Visual Studio Version 17
VisualStudioVersion = 17.4.33213.308
MinimumVisualStudioVersion = 10.0.40219.1
Project("{FAE04EC0-301F-11D3-BF4B-00C04F79EFBC}") = "GActionPluginCommunityAsaasIntegration", "GActionPluginCommunityAsaasIntegration.csproj", "{48A10D85-D376-4A96-835B-6B9C7F162822}"
EndProject
Global
	GlobalSection(SolutionConfigurationPlatforms) = preSolution
		Debug|Any CPU = Debug|Any CPU
		Release|Any CPU = Release|Any CPU
	EndGlobalSection
	GlobalSection(ProjectConfigurationPlatforms) = postSolution
		{48A10D85-D376-4A96-835B-6B9C7F162822}.Debug|Any CPU.ActiveCfg = Release|Any CPU
		{48A10D85-D376-4A96-835B-6B9C7F162822}.Debug|Any CPU.Build.0 = Release|Any CPU
		{48A10D85-D376-4A96-835B-6B9C7F162822}.Release|Any CPU.ActiveCfg = Release|Any CPU
		{48A10D85-D376-4A96-835B-6B9C7F162822}.Release|Any CPU.Build.0 = Release|Any CPU
	EndGlobalSection
	GlobalSection(SolutionProperties) = preSolution
		HideSolutionNode = FALSE
	EndGlobalSection
	GlobalSection(ExtensibilityGlobals) = postSolution
		SolutionGuid = {E5167202-3613-48CC-BA72-2043BCA6AD08}
	EndGlobalSection
EndGlobal
